
Microsoft Visual Studio Solution File, Format Version 12.00
# Visual Studio Version 17
VisualStudioVersion = 17.11.35327.3
MinimumVisualStudioVersion = 10.0.40219.1
Project("{8BC9CEB8-8B4A-11D0-8D11-00A0C91BC942}") = "evyatar-hw1", "evyatar-hw1.vcxproj", "{1C26854D-AABF-4D02-B072-4432DA5AFA20}"
EndProject
Global
	GlobalSection(SolutionConfigurationPlatforms) = preSolution
		Debug|x64 = Debug|x64
		Debug|x86 = Debug|x86
		Release|x64 = Release|x64
		Release|x86 = Release|x86
	EndGlobalSection
	GlobalSection(ProjectConfigurationPlatforms) = postSolution
		{1C26854D-AABF-4D02-B072-4432DA5AFA20}.Debug|x64.ActiveCfg = Debug|x64
		{1C26854D-AABF-4D02-B072-4432DA5AFA20}.Debug|x64.Build.0 = Debug|x64
		{1C26854D-AABF-4D02-B072-4432DA5AFA20}.Debug|x86.ActiveCfg = Debug|Win32
		{1C26854D-AABF-4D02-B072-4432DA5AFA20}.Debug|x86.Build.0 = Debug|Win32
		{1C26854D-AABF-4D02-B072-4432DA5AFA20}.Release|x64.ActiveCfg = Release|x64
		{1C26854D-AABF-4D02-B072-4432DA5AFA20}.Release|x64.Build.0 = Release|x64
		{1C26854D-AABF-4D02-B072-4432DA5AFA20}.Release|x86.ActiveCfg = Release|Win32
		{1C26854D-AABF-4D02-B072-4432DA5AFA20}.Release|x86.Build.0 = Release|Win32
	EndGlobalSection
	GlobalSection(SolutionProperties) = preSolution
		HideSolutionNode = FALSE
	EndGlobalSection
	GlobalSection(ExtensibilityGlobals) = postSolution
		SolutionGuid = {D5630BB3-39DD-4C01-9A0C-189D6F497E28}
	EndGlobalSection
EndGlobal
